github.com/ThreeDotsLabs/monolith-microservice-shop v0.0.0-20180227194708-2d5c79a35d18 h1:8w7eD/WpJFTyyaNpeN72TCaRpYiZZoMyTZ2XGpNs8dU=
github.com/ThreeDotsLabs/monolith-microservice-shop v0.0.0-20180227194708-2d5c79a35d18/go.mod h1:HUlb/C6owM0+/7B5KTxGn5rI4xFfFeFeg+liNDgRUjU=
github.com/golossus/routing v1.1.0 h1:lNlPBIMR3edCIP09Iyo0F8j/DX75RJbhLyimLtLinec=
github.com/golossus/routing v1.1.0/go.mod h1:WmyBNlhhC8Gqb1sGOmRKxgeBCE0/Uw6WCdBrR0z+ZAM=
